
Microsoft Visual Studio Solution File, Format Version 12.00
# Visual Studio Version 17
VisualStudioVersion = 17.4.33213.308
MinimumVisualStudioVersion = 10.0.40219.1
Project("{FAE04EC0-301F-11D3-BF4B-00C04F79EFBC}") = "jhtest", "jhtest\jhtest.csproj", "{35AD6333-D7B4-49FA-8E4D-3CD692B15197}"
EndProject
Global
	GlobalSection(SolutionConfigurationPlatforms) = preSolution
		Debug|Any CPU = Debug|Any CPU
		Release|Any CPU = Release|Any CPU
	EndGlobalSection
	GlobalSection(ProjectConfigurationPlatforms) = postSolution
		{35AD6333-D7B4-49FA-8E4D-3CD692B15197}.Debug|Any CPU.ActiveCfg = Debug|Any CPU
		{35AD6333-D7B4-49FA-8E4D-3CD692B15197}.Debug|Any CPU.Build.0 = Debug|Any CPU
		{35AD6333-D7B4-49FA-8E4D-3CD692B15197}.Release|Any CPU.ActiveCfg = Release|Any CPU
		{35AD6333-D7B4-49FA-8E4D-3CD692B15197}.Release|Any CPU.Build.0 = Release|Any CPU
	EndGlobalSection
	GlobalSection(SolutionProperties) = preSolution
		HideSolutionNode = FALSE
	EndGlobalSection
	GlobalSection(ExtensibilityGlobals) = postSolution
		SolutionGuid = {967C6C3C-9EE4-40B1-A18F-7BCD2AD43E4A}
	EndGlobalSection
EndGlobal
